
Microsoft Visual Studio Solution File, Format Version 12.00
# Visual Studio 15
Project("{FAE04EC0-301F-11D3-BF4B-00C04F79EFBC}") = "Assembly-CSharp", "Assembly-CSharp.csproj", "{08515389-B38F-8359-6CE6-C9D3AE726250}"
EndProject
Project("{FAE04EC0-301F-11D3-BF4B-00C04F79EFBC}") = "ParrelSync", "ParrelSync.csproj", "{B99775F8-64E0-57A7-347E-596C20869FA8}"
EndProject
Project("{FAE04EC0-301F-11D3-BF4B-00C04F79EFBC}") = "CodeMonkeyFreeEditor", "CodeMonkeyFreeEditor.csproj", "{E57A8B60-7D9D-4D95-770A-4D574FC924A4}"
EndProject
Project("{FAE04EC0-301F-11D3-BF4B-00C04F79EFBC}") = "IngameDebugConsole.Runtime", "IngameDebugConsole.Runtime.csproj", "{7B04BF96-D078-7924-0839-D6C95ECFFE51}"
EndProject
Project("{FAE04EC0-301F-11D3-BF4B-00C04F79EFBC}") = "IngameDebugConsole.Editor", "IngameDebugConsole.Editor.csproj", "{AC1A8F1A-15D9-37D5-1C36-116AB3F22264}"
EndProject
Project("{FAE04EC0-301F-11D3-BF4B-00C04F79EFBC}") = "CodeMonkeyFree", "CodeMonkeyFree.csproj", "{57CE3DE8-F0F9-908D-02E6-A3F3D57FCC43}"
EndProject
Global
	GlobalSection(SolutionConfigurationPlatforms) = preSolution
		Debug|Any CPU = Debug|Any CPU
		Release|Any CPU = Release|Any CPU
	EndGlobalSection
	GlobalSection(ProjectConfigurationPlatforms) = postSolution
		{08515389-B38F-8359-6CE6-C9D3AE726250}.Debug|Any CPU.ActiveCfg = Debug|Any CPU
		{08515389-B38F-8359-6CE6-C9D3AE726250}.Debug|Any CPU.Build.0 = Debug|Any CPU
		{08515389-B38F-8359-6CE6-C9D3AE726250}.Release|Any CPU.ActiveCfg = Release|Any CPU
		{08515389-B38F-8359-6CE6-C9D3AE726250}.Release|Any CPU.Build.0 = Release|Any CPU
		{B99775F8-64E0-57A7-347E-596C20869FA8}.Debug|Any CPU.ActiveCfg = Debug|Any CPU
		{B99775F8-64E0-57A7-347E-596C20869FA8}.Debug|Any CPU.Build.0 = Debug|Any CPU
		{B99775F8-64E0-57A7-347E-596C20869FA8}.Release|Any CPU.ActiveCfg = Release|Any CPU
		{B99775F8-64E0-57A7-347E-596C20869FA8}.Release|Any CPU.Build.0 = Release|Any CPU
		{E57A8B60-7D9D-4D95-770A-4D574FC924A4}.Debug|Any CPU.ActiveCfg = Debug|Any CPU
		{E57A8B60-7D9D-4D95-770A-4D574FC924A4}.Debug|Any CPU.Build.0 = Debug|Any CPU
		{E57A8B60-7D9D-4D95-770A-4D574FC924A4}.Release|Any CPU.ActiveCfg = Release|Any CPU
		{E57A8B60-7D9D-4D95-770A-4D574FC924A4}.Release|Any CPU.Build.0 = Release|Any CPU
		{7B04BF96-D078-7924-0839-D6C95ECFFE51}.Debug|Any CPU.ActiveCfg = Debug|Any CPU
		{7B04BF96-D078-7924-0839-D6C95ECFFE51}.Debug|Any CPU.Build.0 = Debug|Any CPU
		{7B04BF96-D078-7924-0839-D6C95ECFFE51}.Release|Any CPU.ActiveCfg = Release|Any CPU
		{7B04BF96-D078-7924-0839-D6C95ECFFE51}.Release|Any CPU.Build.0 = Release|Any CPU
		{AC1A8F1A-15D9-37D5-1C36-116AB3F22264}.Debug|Any CPU.ActiveCfg = Debug|Any CPU
		{AC1A8F1A-15D9-37D5-1C36-116AB3F22264}.Debug|Any CPU.Build.0 = Debug|Any CPU
		{AC1A8F1A-15D9-37D5-1C36-116AB3F22264}.Release|Any CPU.ActiveCfg = Release|Any CPU
		{AC1A8F1A-15D9-37D5-1C36-116AB3F22264}.Release|Any CPU.Build.0 = Release|Any CPU
		{57CE3DE8-F0F9-908D-02E6-A3F3D57FCC43}.Debug|Any CPU.ActiveCfg = Debug|Any CPU
		{57CE3DE8-F0F9-908D-02E6-A3F3D57FCC43}.Debug|Any CPU.Build.0 = Debug|Any CPU
		{57CE3DE8-F0F9-908D-02E6-A3F3D57FCC43}.Release|Any CPU.ActiveCfg = Release|Any CPU
		{57CE3DE8-F0F9-908D-02E6-A3F3D57FCC43}.Release|Any CPU.Build.0 = Release|Any CPU
	EndGlobalSection
	GlobalSection(SolutionProperties) = preSolution
		HideSolutionNode = FALSE
	EndGlobalSection
EndGlobal
